
Microsoft Visual Studio Solution File, Format Version 12.00
# Visual Studio Version 17
VisualStudioVersion = 17.5.33627.172
MinimumVisualStudioVersion = 10.0.40219.1
Project("{2150E333-8FDC-42A3-9474-1A3956D46DE8}") = "Services", "Services", "{A5979E8F-9246-4BA2-8ABA-363D5D55BC32}"
EndProject
Project("{2150E333-8FDC-42A3-9474-1A3956D46DE8}") = "Catalog", "Catalog", "{749E1ABB-6D77-476B-B3E2-1473E6E9A31D}"
EndProject
Project("{9A19103F-16F7-4668-BE54-9A1E7A4F7556}") = "Catalog.API", "Services\Catalog\Catalog.API\Catalog.API.csproj", "{04EE963C-E914-40F5-AFCE-751C0DE144EA}"
EndProject
Project("{E53339B2-1760-4266-BCC7-CA923CBCF16C}") = "docker-compose", "docker-compose.dcproj", "{89C1B970-F6AC-40C5-9B8B-5C870A45719A}"
EndProject
Project("{2150E333-8FDC-42A3-9474-1A3956D46DE8}") = "Basket", "Basket", "{3242C84F-F76A-4D96-BEA9-41CF2DAEF434}"
EndProject
Project("{9A19103F-16F7-4668-BE54-9A1E7A4F7556}") = "Basket.API", "Services\Basket\Basket.API\Basket.API.csproj", "{D4BD7817-9D05-48BF-8C7E-91AF36B6BE11}"
EndProject
Project("{2150E333-8FDC-42A3-9474-1A3956D46DE8}") = "Discount", "Discount", "{526A923C-360F-4C0C-B4F4-E187BB81354C}"
EndProject
Project("{9A19103F-16F7-4668-BE54-9A1E7A4F7556}") = "Discount.API", "Services\Discount\Discount.API\Discount.API.csproj", "{B29C08BF-8722-4AC2-B01B-9000BED16953}"
EndProject
Project("{9A19103F-16F7-4668-BE54-9A1E7A4F7556}") = "Discount.Grpc", "Services\Discount\Discount.Grpc\Discount.Grpc.csproj", "{7F33D54F-90D0-46E8-BBAC-C3D9D947B341}"
EndProject
Project("{2150E333-8FDC-42A3-9474-1A3956D46DE8}") = "Ordering", "Ordering", "{ACF77676-8863-4DD6-B073-A026CCF4BC0E}"
EndProject
Project("{FAE04EC0-301F-11D3-BF4B-00C04F79EFBC}") = "Ordering.API", "Services\Ordering\Ordering.API\Ordering.API.csproj", "{A97A568F-06F9-4326-9F56-5FD59CC9E8C4}"
EndProject
Project("{FAE04EC0-301F-11D3-BF4B-00C04F79EFBC}") = "Ordering.Domain", "Services\Ordering\Ordering.Domain\Ordering.Domain.csproj", "{BD436CA5-B58B-4908-A264-C33320BE1B15}"
EndProject
Project("{FAE04EC0-301F-11D3-BF4B-00C04F79EFBC}") = "Ordering.Application", "Services\Ordering\Ordering.Application\Ordering.Application.csproj", "{1C634ADF-F066-452F-9F93-E171BDB661C2}"
EndProject
Project("{FAE04EC0-301F-11D3-BF4B-00C04F79EFBC}") = "Ordering.infrastructure", "Services\Ordering\Ordering.infrastructure\Ordering.infrastructure.csproj", "{6363AAD2-EE20-40F4-A33F-2765320CA4E4}"
EndProject
Global
	GlobalSection(SolutionConfigurationPlatforms) = preSolution
		Debug|Any CPU = Debug|Any CPU
		Release|Any CPU = Release|Any CPU
	EndGlobalSection
	GlobalSection(ProjectConfigurationPlatforms) = postSolution
		{04EE963C-E914-40F5-AFCE-751C0DE144EA}.Debug|Any CPU.ActiveCfg = Debug|Any CPU
		{04EE963C-E914-40F5-AFCE-751C0DE144EA}.Debug|Any CPU.Build.0 = Debug|Any CPU
		{04EE963C-E914-40F5-AFCE-751C0DE144EA}.Release|Any CPU.ActiveCfg = Release|Any CPU
		{04EE963C-E914-40F5-AFCE-751C0DE144EA}.Release|Any CPU.Build.0 = Release|Any CPU
		{89C1B970-F6AC-40C5-9B8B-5C870A45719A}.Debug|Any CPU.ActiveCfg = Debug|Any CPU
		{89C1B970-F6AC-40C5-9B8B-5C870A45719A}.Debug|Any CPU.Build.0 = Debug|Any CPU
		{89C1B970-F6AC-40C5-9B8B-5C870A45719A}.Release|Any CPU.ActiveCfg = Release|Any CPU
		{89C1B970-F6AC-40C5-9B8B-5C870A45719A}.Release|Any CPU.Build.0 = Release|Any CPU
		{D4BD7817-9D05-48BF-8C7E-91AF36B6BE11}.Debug|Any CPU.ActiveCfg = Debug|Any CPU
		{D4BD7817-9D05-48BF-8C7E-91AF36B6BE11}.Debug|Any CPU.Build.0 = Debug|Any CPU
		{D4BD7817-9D05-48BF-8C7E-91AF36B6BE11}.Release|Any CPU.ActiveCfg = Release|Any CPU
		{D4BD7817-9D05-48BF-8C7E-91AF36B6BE11}.Release|Any CPU.Build.0 = Release|Any CPU
		{B29C08BF-8722-4AC2-B01B-9000BED16953}.Debug|Any CPU.ActiveCfg = Debug|Any CPU
		{B29C08BF-8722-4AC2-B01B-9000BED16953}.Debug|Any CPU.Build.0 = Debug|Any CPU
		{B29C08BF-8722-4AC2-B01B-9000BED16953}.Release|Any CPU.ActiveCfg = Release|Any CPU
		{B29C08BF-8722-4AC2-B01B-9000BED16953}.Release|Any CPU.Build.0 = Release|Any CPU
		{7F33D54F-90D0-46E8-BBAC-C3D9D947B341}.Debug|Any CPU.ActiveCfg = Debug|Any CPU
		{7F33D54F-90D0-46E8-BBAC-C3D9D947B341}.Debug|Any CPU.Build.0 = Debug|Any CPU
		{7F33D54F-90D0-46E8-BBAC-C3D9D947B341}.Release|Any CPU.ActiveCfg = Release|Any CPU
		{7F33D54F-90D0-46E8-BBAC-C3D9D947B341}.Release|Any CPU.Build.0 = Release|Any CPU
		{A97A568F-06F9-4326-9F56-5FD59CC9E8C4}.Debug|Any CPU.ActiveCfg = Debug|Any CPU
		{A97A568F-06F9-4326-9F56-5FD59CC9E8C4}.Debug|Any CPU.Build.0 = Debug|Any CPU
		{A97A568F-06F9-4326-9F56-5FD59CC9E8C4}.Release|Any CPU.ActiveCfg = Release|Any CPU
		{A97A568F-06F9-4326-9F56-5FD59CC9E8C4}.Release|Any CPU.Build.0 = Release|Any CPU
		{BD436CA5-B58B-4908-A264-C33320BE1B15}.Debug|Any CPU.ActiveCfg = Debug|Any CPU
		{BD436CA5-B58B-4908-A264-C33320BE1B15}.Debug|Any CPU.Build.0 = Debug|Any CPU
		{BD436CA5-B58B-4908-A264-C33320BE1B15}.Release|Any CPU.ActiveCfg = Release|Any CPU
		{BD436CA5-B58B-4908-A264-C33320BE1B15}.Release|Any CPU.Build.0 = Release|Any CPU
		{1C634ADF-F066-452F-9F93-E171BDB661C2}.Debug|Any CPU.ActiveCfg = Debug|Any CPU
		{1C634ADF-F066-452F-9F93-E171BDB661C2}.Debug|Any CPU.Build.0 = Debug|Any CPU
		{1C634ADF-F066-452F-9F93-E171BDB661C2}.Release|Any CPU.ActiveCfg = Release|Any CPU
		{1C634ADF-F066-452F-9F93-E171BDB661C2}.Release|Any CPU.Build.0 = Release|Any CPU
		{6363AAD2-EE20-40F4-A33F-2765320CA4E4}.Debug|Any CPU.ActiveCfg = Debug|Any CPU
		{6363AAD2-EE20-40F4-A33F-2765320CA4E4}.Debug|Any CPU.Build.0 = Debug|Any CPU
		{6363AAD2-EE20-40F4-A33F-2765320CA4E4}.Release|Any CPU.ActiveCfg = Release|Any CPU
		{6363AAD2-EE20-40F4-A33F-2765320CA4E4}.Release|Any CPU.Build.0 = Release|Any CPU
	EndGlobalSection
	GlobalSection(SolutionProperties) = preSolution
		HideSolutionNode = FALSE
	EndGlobalSection
	GlobalSection(NestedProjects) = preSolution
		{749E1ABB-6D77-476B-B3E2-1473E6E9A31D} = {A5979E8F-9246-4BA2-8ABA-363D5D55BC32}
		{04EE963C-E914-40F5-AFCE-751C0DE144EA} = {749E1ABB-6D77-476B-B3E2-1473E6E9A31D}
		{3242C84F-F76A-4D96-BEA9-41CF2DAEF434} = {A5979E8F-9246-4BA2-8ABA-363D5D55BC32}
		{D4BD7817-9D05-48BF-8C7E-91AF36B6BE11} = {3242C84F-F76A-4D96-BEA9-41CF2DAEF434}
		{526A923C-360F-4C0C-B4F4-E187BB81354C} = {A5979E8F-9246-4BA2-8ABA-363D5D55BC32}
		{B29C08BF-8722-4AC2-B01B-9000BED16953} = {526A923C-360F-4C0C-B4F4-E187BB81354C}
		{7F33D54F-90D0-46E8-BBAC-C3D9D947B341} = {526A923C-360F-4C0C-B4F4-E187BB81354C}
		{ACF77676-8863-4DD6-B073-A026CCF4BC0E} = {A5979E8F-9246-4BA2-8ABA-363D5D55BC32}
		{A97A568F-06F9-4326-9F56-5FD59CC9E8C4} = {ACF77676-8863-4DD6-B073-A026CCF4BC0E}
		{BD436CA5-B58B-4908-A264-C33320BE1B15} = {ACF77676-8863-4DD6-B073-A026CCF4BC0E}
		{1C634ADF-F066-452F-9F93-E171BDB661C2} = {ACF77676-8863-4DD6-B073-A026CCF4BC0E}
		{6363AAD2-EE20-40F4-A33F-2765320CA4E4} = {ACF77676-8863-4DD6-B073-A026CCF4BC0E}
	EndGlobalSection
	GlobalSection(ExtensibilityGlobals) = postSolution
		SolutionGuid = {8AD5F1CE-613F-48A7-A49E-1F9CBE4B5D92}
	EndGlobalSection
EndGlobal
